// !$*UTF8*$!
{
	archiveVersion = 1;
	classes = {
	};
	objectVersion = 46;
	objects = {

/* Begin PBXBuildFile section */
		41C93E0F1D36493B002471AD /* AppDelegate.swift in Sources */ = {isa = PBXBuildFile; fileRef = 41C93E0E1D36493B002471AD /* AppDelegate.swift */; };
		41C93E111D36493B002471AD /* ViewController.swift in Sources */ = {isa = PBXBuildFile; fileRef = 41C93E101D36493B002471AD /* ViewController.swift */; };
		41C93E141D36493B002471AD /* Main.storyboard in Resources */ = {isa = PBXBuildFile; fileRef = 41C93E121D36493B002471AD /* Main.storyboard */; };
		41C93E161D36493B002471AD /* Assets.xcassets in Resources */ = {isa = PBXBuildFile; fileRef = 41C93E151D36493B002471AD /* Assets.xcassets */; };
		41C93E191D36493B002471AD /* LaunchScreen.storyboard in Resources */ = {isa = PBXBuildFile; fileRef = 41C93E171D36493B002471AD /* LaunchScreen.storyboard */; };
		41C93E211D364AFB002471AD /* XXBLoadingView.swift in Sources */ = {isa = PBXBuildFile; fileRef = 41C93E201D364AFB002471AD /* XXBLoadingView.swift */; };
/* End PBXBuildFile section */

/* Begin PBXFileReference section */
		41C93E0B1D36493B002471AD /* 仿58  两条线的 加载动画.app */ = {isa = PBXFileReference; explicitFileType = wrapper.application; includeInIndex = 0; path = "仿58  两条线的 加载动画.app"; sourceTree = BUILT_PRODUCTS_DIR; };
		41C93E0E1D36493B002471AD /* AppDelegate.swift */ = {isa = PBXFileReference; lastKnownFileType = sourcecode.swift; path = AppDelegate.swift; sourceTree = "<group>"; };
		41C93E101D36493B002471AD /* ViewController.swift */ = {isa = PBXFileReference; lastKnownFileType = sourcecode.swift; path = ViewController.swift; sourceTree = "<group>"; };
		41C93E131D36493B002471AD /* Base */ = {isa = PBXFileReference; lastKnownFileType = file.storyboard; name = Base; path = Base.lproj/Main.storyboard; sourceTree = "<group>"; };
		41C93E151D36493B002471AD /* Assets.xcassets */ = {isa = PBXFileReference; lastKnownFileType = folder.assetcatalog; path = Assets.xcassets; sourceTree = "<group>"; };
		41C93E181D36493B002471AD /* Base */ = {isa = PBXFileReference; lastKnownFileType = file.storyboard; name = Base; path = Base.lproj/LaunchScreen.storyboard; sourceTree = "<group>"; };
		41C93E1A1D36493B002471AD /* Info.plist */ = {isa = PBXFileReference; lastKnownFileType = text.plist.xml; path = Info.plist; sourceTree = "<group>"; };
		41C93E201D364AFB002471AD /* XXBLoadingView.swift */ = {isa = PBXFileReference; fileEncoding = 4; lastKnownFileType = sourcecode.swift; path = XXBLoadingView.swift; sourceTree = "<group>"; };
/* End PBXFileReference section */

/* Begin PBXFrameworksBuildPhase section */
		41C93E081D36493B002471AD /* Frameworks */ = {
			isa = PBXFrameworksBuildPhase;
			buildActionMask = 2147483647;
			files = (
			);
			runOnlyForDeploymentPostprocessing = 0;
		};
/* End PBXFrameworksBuildPhase section */

/* Begin PBXGroup section */
		41C93E021D36493B002471AD = {
			isa = PBXGroup;
			children = (
				41C93E0D1D36493B002471AD /* 仿58  两条线的 加载动画 */,
				41C93E0C1D36493B002471AD /* Products */,
			);
			sourceTree = "<group>";
		};
		41C93E0C1D36493B002471AD /* Products */ = {
			isa = PBXGroup;
			children = (
				41C93E0B1D36493B002471AD /* 仿58  两条线的 加载动画.app */,
			);
			name = Products;
			sourceTree = "<group>";
		};
		41C93E0D1D36493B002471AD /* 仿58  两条线的 加载动画 */ = {
			isa = PBXGroup;
			children = (
				41C93E0E1D36493B002471AD /* AppDelegate.swift */,
				41C93E101D36493B002471AD /* ViewController.swift */,
				41C93E201D364AFB002471AD /* XXBLoadingView.swift */,
				41C93E121D36493B002471AD /* Main.storyboard */,
				41C93E151D36493B002471AD /* Assets.xcassets */,
				41C93E171D36493B002471AD /* LaunchScreen.storyboard */,
				41C93E1A1D36493B002471AD /* Info.plist */,
			);
			path = "仿58  两条线的 加载动画";
			sourceTree = "<group>";
		};
/* End PBXGroup section */

/* Begin PBXNativeTarget section */
		41C93E0A1D36493B002471AD /* 仿58  两条线的 加载动画 */ = {
			isa = PBXNativeTarget;
			buildConfigurationList = 41C93E1D1D36493B002471AD /* Build configuration list for PBXNativeTarget "仿58  两条线的 加载动画" */;
			buildPhases = (
				41C93E071D36493B002471AD /* Sources */,
				41C93E081D36493B002471AD /* Frameworks */,
				41C93E091D36493B002471AD /* Resources */,
			);
			buildRules = (
			);
			dependencies = (
			);
			name = "仿58  两条线的 加载动画";
			productName = "仿58  两条线的 加载动画";
			productReference = 41C93E0B1D36493B002471AD /* 仿58  两条线的 加载动画.app */;
			productType = "com.apple.product-type.application";
		};
/* End PBXNativeTarget section */

/* Begin PBXProject section */
		41C93E031D36493B002471AD /* Project object */ = {
			isa = PBXProject;
			attributes = {
				LastSwiftUpdateCheck = 0730;
				LastUpgradeCheck = 0730;
				ORGANIZATIONNAME = GloryMan;
				TargetAttributes = {
					41C93E0A1D36493B002471AD = {
						CreatedOnToolsVersion = 7.3.1;
					};
				};
			};
			buildConfigurationList = 41C93E061D36493B002471AD /* Build configuration list for PBXProject "仿58  两条线的 加载动画" */;
			compatibilityVersion = "Xcode 3.2";
			developmentRegion = English;
			hasScannedForEncodings = 0;
			knownRegions = (
				en,
				Base,
			);
			mainGroup = 41C93E021D36493B002471AD;
			productRefGroup = 41C93E0C1D36493B002471AD /* Products */;
			projectDirPath = "";
			projectRoot = "";
			targets = (
				41C93E0A1D36493B002471AD /* 仿58  两条线的 加载动画 */,
			);
		};
/* End PBXProject section */

/* Begin PBXResourcesBuildPhase section */
		41C93E091D36493B002471AD /* Resources */ = {
			isa = PBXResourcesBuildPhase;
			buildActionMask = 2147483647;
			files = (
				41C93E191D36493B002471AD /* LaunchScreen.storyboard in Resources */,
				41C93E161D36493B002471AD /* Assets.xcassets in Resources */,
				41C93E141D36493B002471AD /* Main.storyboard in Resources */,
			);
			runOnlyForDeploymentPostprocessing = 0;
		};
/* End PBXResourcesBuildPhase section */

/* Begin PBXSourcesBuildPhase section */
		41C93E071D36493B002471AD /* Sources */ = {
			isa = PBXSourcesBuildPhase;
			buildActionMask = 2147483647;
			files = (
				41C93E111D36493B002471AD /* ViewController.swift in Sources */,
				41C93E0F1D36493B002471AD /* AppDelegate.swift in Sources */,
				41C93E211D364AFB002471AD /* XXBLoadingView.swift in Sources */,
			);
			runOnlyForDeploymentPostprocessing = 0;
		};
/* End PBXSourcesBuildPhase section */

/* Begin PBXVariantGroup section */
		41C93E121D36493B002471AD /* Main.storyboard */ = {
			isa = PBXVariantGroup;
			children = (
				41C93E131D36493B002471AD /* Base */,
			);
			name = Main.storyboard;
			sourceTree = "<group>";
		};
		41C93E171D36493B002471AD /* LaunchScreen.storyboard */ = {
			isa = PBXVariantGroup;
			children = (
				41C93E181D36493B002471AD /* Base */,
			);
			name = LaunchScreen.storyboard;
			sourceTree = "<group>";
		};
/* End PBXVariantGroup section */

/* Begin XCBuildConfiguration section */
		41C93E1B1D36493B002471AD /* Debug */ = {
			isa = XCBuildConfiguration;
			buildSettings = {
				ALWAYS_SEARCH_USER_PATHS = NO;
				CLANG_ANALYZER_NONNULL = YES;
				CLANG_CXX_LANGUAGE_STANDARD = "gnu++0x";
				CLANG_CXX_LIBRARY = "libc++";
				CLANG_ENABLE_MODULES = YES;
				CLANG_ENABLE_OBJC_ARC = YES;
				CLANG_WARN_BOOL_CONVERSION = YES;
				CLANG_WARN_CONSTANT_CONVERSION = YES;
				CLANG_WARN_DIRECT_OBJC_ISA_USAGE = YES_ERROR;
				CLANG_WARN_EMPTY_BODY = YES;
				CLANG_WARN_ENUM_CONVERSION = YES;
				CLANG_WARN_INT_CONVERSION = YES;
				CLANG_WARN_OBJC_ROOT_CLASS = YES_ERROR;
				CLANG_WARN_UNREACHABLE_CODE = YES;
				CLANG_WARN__DUPLICATE_METHOD_MATCH = YES;
				"CODE_SIGN_IDENTITY[sdk=iphoneos*]" = "iPhone Developer";
				COPY_PHASE_STRIP = NO;
				DEBUG_INFORMATION_FORMAT = dwarf;
				ENABLE_STRICT_OBJC_MSGSEND = YES;
				ENABLE_TESTABILITY = YES;
				GCC_C_LANGUAGE_STANDARD = gnu99;
				GCC_DYNAMIC_NO_PIC = NO;
				GCC_NO_COMMON_BLOCKS = YES;
				GCC_OPTIMIZATION_LEVEL = 0;
				GCC_PREPROCESSOR_DEFINITIONS = (
					"DEBUG=1",
					"$(inherited)",
				);
				GCC_WARN_64_TO_32_BIT_CONVERSION = YES;
				GCC_WARN_ABOUT_RETURN_TYPE = YES_ERROR;
				GCC_WARN_UNDECLARED_SELECTOR = YES;
				GCC_WARN_UNINITIALIZED_AUTOS = YES_AGGRESSIVE;
				GCC_WARN_UNUSED_FUNCTION = YES;
				GCC_WARN_UNUSED_VARIABLE = YES;
				IPHONEOS_DEPLOYMENT_TARGET = 9.3;
				MTL_ENABLE_DEBUG_INFO = YES;
				ONLY_ACTIVE_ARCH = YES;
				SDKROOT = iphoneos;
				SWIFT_OPTIMIZATION_LEVEL = "-Onone";
			};
			name = Debug;
		};
		41C93E1C1D36493B002471AD /* Release */ = {
			isa = XCBuildConfiguration;
			buildSettings = {
				ALWAYS_SEARCH_USER_PATHS = NO;
				CLANG_ANALYZER_NONNULL = YES;
				CLANG_CXX_LANGUAGE_STANDARD = "gnu++0x";
				CLANG_CXX_LIBRARY = "libc++";
				CLANG_ENABLE_MODULES = YES;
				CLANG_ENABLE_OBJC_ARC = YES;
				CLANG_WARN_BOOL_CONVERSION = YES;
				CLANG_WARN_CONSTANT_CONVERSION = YES;
				CLANG_WARN_DIRECT_OBJC_ISA_USAGE = YES_ERROR;
				CLANG_WARN_EMPTY_BODY = YES;
				CLANG_WARN_ENUM_CONVERSION = YES;
				CLANG_WARN_INT_CONVERSION = YES;
				CLANG_WARN_OBJC_ROOT_CLASS = YES_ERROR;
				CLANG_WARN_UNREACHABLE_CODE = YES;
				CLANG_WARN__DUPLICATE_METHOD_MATCH = YES;
				"CODE_SIGN_IDENTITY[sdk=iphoneos*]" = "iPhone Developer";
				COPY_PHASE_STRIP = NO;
				DEBUG_INFORMATION_FORMAT = "dwarf-with-dsym";
				ENABLE_NS_ASSERTIONS = NO;
				ENABLE_STRICT_OBJC_MSGSEND = YES;
				GCC_C_LANGUAGE_STANDARD = gnu99;
				GCC_NO_COMMON_BLOCKS = YES;
				GCC_WARN_64_TO_32_BIT_CONVERSION = YES;
				GCC_WARN_ABOUT_RETURN_TYPE = YES_ERROR;
				GCC_WARN_UNDECLARED_SELECTOR = YES;
				GCC_WARN_UNINITIALIZED_AUTOS = YES_AGGRESSIVE;
				GCC_WARN_UNUSED_FUNCTION = YES;
				GCC_WARN_UNUSED_VARIABLE = YES;
				IPHONEOS_DEPLOYMENT_TARGET = 9.3;
				MTL_ENABLE_DEBUG_INFO = NO;
				SDKROOT = iphoneos;
				VALIDATE_PRODUCT = YES;
			};
			name = Release;
		};
		41C93E1E1D36493B002471AD /* Debug */ = {
			isa = XCBuildConfiguration;
			buildSettings = {
				ASSETCATALOG_COMPILER_APPICON_NAME = AppIcon;
				INFOPLIST_FILE = "仿58  两条线的 加载动画/Info.plist";
				LD_RUNPATH_SEARCH_PATHS = "$(inherited) @executable_path/Frameworks";
				PRODUCT_BUNDLE_IDENTIFIER = "-06907778-qq.com.-58-----------";
				PRODUCT_NAME = "$(TARGET_NAME)";
			};
			name = Debug;
		};
		41C93E1F1D36493B002471AD /* Release */ = {
			isa = XCBuildConfiguration;
			buildSettings = {
				ASSETCATALOG_COMPILER_APPICON_NAME = AppIcon;
				INFOPLIST_FILE = "仿58  两条线的 加载动画/Info.plist";
				LD_RUNPATH_SEARCH_PATHS = "$(inherited) @executable_path/Frameworks";
				PRODUCT_BUNDLE_IDENTIFIER = "-06907778-qq.com.-58-----------";
				PRODUCT_NAME = "$(TARGET_NAME)";
			};
			name = Release;
		};
/* End XCBuildConfiguration section */

/* Begin XCConfigurationList section */
		41C93E061D36493B002471AD /* Build configuration list for PBXProject "仿58  两条线的 加载动画" */ = {
			isa = XCConfigurationList;
			buildConfigurations = (
				41C93E1B1D36493B002471AD /* Debug */,
				41C93E1C1D36493B002471AD /* Release */,
			);
			defaultConfigurationIsVisible = 0;
			defaultConfigurationName = Release;
		};
		41C93E1D1D36493B002471AD /* Build configuration list for PBXNativeTarget "仿58  两条线的 加载动画" */ = {
			isa = XCConfigurationList;
			buildConfigurations = (
				41C93E1E1D36493B002471AD /* Debug */,
				41C93E1F1D36493B002471AD /* Release */,
			);
			defaultConfigurationIsVisible = 0;
		};
/* End XCConfigurationList section */
	};
	rootObject = 41C93E031D36493B002471AD /* Project object */;
}
